
Microsoft Visual Studio Solution File, Format Version 12.00
# Visual Studio Version 17
VisualStudioVersion = 17.4.33205.214
MinimumVisualStudioVersion = 10.0.40219.1
Project("{FAE04EC0-301F-11D3-BF4B-00C04F79EFBC}") = "FaceIt2023IntegratedBuild", "FaceIt2023IntegratedBuild.csproj", "{739AC2B7-0367-407F-BDA3-E0FB82D149D9}"
EndProject
Global
	GlobalSection(SolutionConfigurationPlatforms) = preSolution
		Debug|Any CPU = Debug|Any CPU
		Release|Any CPU = Release|Any CPU
	EndGlobalSection
	GlobalSection(ProjectConfigurationPlatforms) = postSolution
		{739AC2B7-0367-407F-BDA3-E0FB82D149D9}.Debug|Any CPU.ActiveCfg = Debug|Any CPU
		{739AC2B7-0367-407F-BDA3-E0FB82D149D9}.Debug|Any CPU.Build.0 = Debug|Any CPU
		{739AC2B7-0367-407F-BDA3-E0FB82D149D9}.Release|Any CPU.ActiveCfg = Release|Any CPU
		{739AC2B7-0367-407F-BDA3-E0FB82D149D9}.Release|Any CPU.Build.0 = Release|Any CPU
	EndGlobalSection
	GlobalSection(SolutionProperties) = preSolution
		HideSolutionNode = FALSE
	EndGlobalSection
	GlobalSection(ExtensibilityGlobals) = postSolution
		SolutionGuid = {3715AAA8-5D18-4D1B-BC37-34ED66D73B4D}
	EndGlobalSection
EndGlobal
